
Microsoft Visual Studio Solution File, Format Version 12.00
# Visual Studio 15
VisualStudioVersion = 15.0.28307.779
MinimumVisualStudioVersion = 10.0.40219.1
Project("{FAE04EC0-301F-11D3-BF4B-00C04F79EFBC}") = "01-ByteBank", "ByteBank\01-ByteBank.csproj", "{7D51E81B-28BA-466E-A45A-E77F22A87B87}"
EndProject
Project("{FAE04EC0-301F-11D3-BF4B-00C04F79EFBC}") = "02-ByteBank", "02-ByteBank\02-ByteBank.csproj", "{9A97572A-B1EE-41E7-A4B3-DAD89903DADE}"
EndProject
Project("{FAE04EC0-301F-11D3-BF4B-00C04F79EFBC}") = "03-ByteBank", "03-ByteBank\03-ByteBank.csproj", "{507DBDA6-F63B-47AC-86F4-8005DF978AB2}"
EndProject
Project("{FAE04EC0-301F-11D3-BF4B-00C04F79EFBC}") = "04-ByteBank", "04-ByteBank\04-ByteBank.csproj", "{DCBFC5F0-25B7-427E-92F1-1178CAAD1316}"
EndProject
Project("{FAE04EC0-301F-11D3-BF4B-00C04F79EFBC}") = "05-ByteBank", "05-ByteBank\05-ByteBank.csproj", "{038F96F4-F0B4-47EB-9C22-52F7C46BD3FC}"
EndProject
Project("{FAE04EC0-301F-11D3-BF4B-00C04F79EFBC}") = "06-ByteBank", "06-ByteBank\06-ByteBank.csproj", "{16C223C1-0571-423A-A56A-6A3F2074A6C5}"
EndProject
Global
	GlobalSection(SolutionConfigurationPlatforms) = preSolution
		Debug|Any CPU = Debug|Any CPU
		Release|Any CPU = Release|Any CPU
	EndGlobalSection
	GlobalSection(ProjectConfigurationPlatforms) = postSolution
		{7D51E81B-28BA-466E-A45A-E77F22A87B87}.Debug|Any CPU.ActiveCfg = Debug|Any CPU
		{7D51E81B-28BA-466E-A45A-E77F22A87B87}.Debug|Any CPU.Build.0 = Debug|Any CPU
		{7D51E81B-28BA-466E-A45A-E77F22A87B87}.Release|Any CPU.ActiveCfg = Release|Any CPU
		{7D51E81B-28BA-466E-A45A-E77F22A87B87}.Release|Any CPU.Build.0 = Release|Any CPU
		{9A97572A-B1EE-41E7-A4B3-DAD89903DADE}.Debug|Any CPU.ActiveCfg = Debug|Any CPU
		{9A97572A-B1EE-41E7-A4B3-DAD89903DADE}.Debug|Any CPU.Build.0 = Debug|Any CPU
		{9A97572A-B1EE-41E7-A4B3-DAD89903DADE}.Release|Any CPU.ActiveCfg = Release|Any CPU
		{9A97572A-B1EE-41E7-A4B3-DAD89903DADE}.Release|Any CPU.Build.0 = Release|Any CPU
		{507DBDA6-F63B-47AC-86F4-8005DF978AB2}.Debug|Any CPU.ActiveCfg = Debug|Any CPU
		{507DBDA6-F63B-47AC-86F4-8005DF978AB2}.Debug|Any CPU.Build.0 = Debug|Any CPU
		{507DBDA6-F63B-47AC-86F4-8005DF978AB2}.Release|Any CPU.ActiveCfg = Release|Any CPU
		{507DBDA6-F63B-47AC-86F4-8005DF978AB2}.Release|Any CPU.Build.0 = Release|Any CPU
		{DCBFC5F0-25B7-427E-92F1-1178CAAD1316}.Debug|Any CPU.ActiveCfg = Debug|Any CPU
		{DCBFC5F0-25B7-427E-92F1-1178CAAD1316}.Debug|Any CPU.Build.0 = Debug|Any CPU
		{DCBFC5F0-25B7-427E-92F1-1178CAAD1316}.Release|Any CPU.ActiveCfg = Release|Any CPU
		{DCBFC5F0-25B7-427E-92F1-1178CAAD1316}.Release|Any CPU.Build.0 = Release|Any CPU
		{038F96F4-F0B4-47EB-9C22-52F7C46BD3FC}.Debug|Any CPU.ActiveCfg = Debug|Any CPU
		{038F96F4-F0B4-47EB-9C22-52F7C46BD3FC}.Debug|Any CPU.Build.0 = Debug|Any CPU
		{038F96F4-F0B4-47EB-9C22-52F7C46BD3FC}.Release|Any CPU.ActiveCfg = Release|Any CPU
		{038F96F4-F0B4-47EB-9C22-52F7C46BD3FC}.Release|Any CPU.Build.0 = Release|Any CPU
		{16C223C1-0571-423A-A56A-6A3F2074A6C5}.Debug|Any CPU.ActiveCfg = Debug|Any CPU
		{16C223C1-0571-423A-A56A-6A3F2074A6C5}.Debug|Any CPU.Build.0 = Debug|Any CPU
		{16C223C1-0571-423A-A56A-6A3F2074A6C5}.Release|Any CPU.ActiveCfg = Release|Any CPU
		{16C223C1-0571-423A-A56A-6A3F2074A6C5}.Release|Any CPU.Build.0 = Release|Any CPU
	EndGlobalSection
	GlobalSection(SolutionProperties) = preSolution
		HideSolutionNode = FALSE
	EndGlobalSection
	GlobalSection(ExtensibilityGlobals) = postSolution
		SolutionGuid = {EB5F7404-32F0-4408-90EB-6003A7B8262C}
	EndGlobalSection
EndGlobal
